// !$*UTF8*$!
{
	archiveVersion = 1;
	classes = {
	};
	objectVersion = 50;
	objects = {

/* Begin PBXBuildFile section */
		27FAB42E26CFFE4E0061D6A1 /* AppDelegate.swift in Sources */ = {isa = PBXBuildFile; fileRef = 27FAB42D26CFFE4E0061D6A1 /* AppDelegate.swift */; };
		27FAB43026CFFE4E0061D6A1 /* SceneDelegate.swift in Sources */ = {isa = PBXBuildFile; fileRef = 27FAB42F26CFFE4E0061D6A1 /* SceneDelegate.swift */; };
		27FAB43526CFFE4E0061D6A1 /* Main.storyboard in Resources */ = {isa = PBXBuildFile; fileRef = 27FAB43326CFFE4E0061D6A1 /* Main.storyboard */; };
		27FAB43826CFFE4E0061D6A1 /* RandomizerGroups.xcdatamodeld in Sources */ = {isa = PBXBuildFile; fileRef = 27FAB43626CFFE4E0061D6A1 /* RandomizerGroups.xcdatamodeld */; };
		27FAB43A26CFFE4F0061D6A1 /* Assets.xcassets in Resources */ = {isa = PBXBuildFile; fileRef = 27FAB43926CFFE4F0061D6A1 /* Assets.xcassets */; };
		27FAB43D26CFFE4F0061D6A1 /* LaunchScreen.storyboard in Resources */ = {isa = PBXBuildFile; fileRef = 27FAB43B26CFFE4F0061D6A1 /* LaunchScreen.storyboard */; };
		27FAB44C26CFFFC70061D6A1 /* CoreDataStack.swift in Sources */ = {isa = PBXBuildFile; fileRef = 27FAB44B26CFFFC70061D6A1 /* CoreDataStack.swift */; };
		27FAB44E26D0012E0061D6A1 /* RandomizerController.swift in Sources */ = {isa = PBXBuildFile; fileRef = 27FAB44D26D0012E0061D6A1 /* RandomizerController.swift */; };
		27FAB45126D004010061D6A1 /* RandomizerGroups+Convenience.swift in Sources */ = {isa = PBXBuildFile; fileRef = 27FAB45026D004010061D6A1 /* RandomizerGroups+Convenience.swift */; };
		27FAB45326D0095D0061D6A1 /* RandomizerTableViewController.swift in Sources */ = {isa = PBXBuildFile; fileRef = 27FAB45226D0095D0061D6A1 /* RandomizerTableViewController.swift */; };
/* End PBXBuildFile section */

/* Begin PBXFileReference section */
		27FAB42A26CFFE4E0061D6A1 /* RandomizerGroups.app */ = {isa = PBXFileReference; explicitFileType = wrapper.application; includeInIndex = 0; path = RandomizerGroups.app; sourceTree = BUILT_PRODUCTS_DIR; };
		27FAB42D26CFFE4E0061D6A1 /* AppDelegate.swift */ = {isa = PBXFileReference; lastKnownFileType = sourcecode.swift; path = AppDelegate.swift; sourceTree = "<group>"; };
		27FAB42F26CFFE4E0061D6A1 /* SceneDelegate.swift */ = {isa = PBXFileReference; lastKnownFileType = sourcecode.swift; path = SceneDelegate.swift; sourceTree = "<group>"; };
		27FAB43426CFFE4E0061D6A1 /* Base */ = {isa = PBXFileReference; lastKnownFileType = file.storyboard; name = Base; path = Base.lproj/Main.storyboard; sourceTree = "<group>"; };
		27FAB43726CFFE4E0061D6A1 /* RandomizerGroups.xcdatamodel */ = {isa = PBXFileReference; lastKnownFileType = wrapper.xcdatamodel; path = RandomizerGroups.xcdatamodel; sourceTree = "<group>"; };
		27FAB43926CFFE4F0061D6A1 /* Assets.xcassets */ = {isa = PBXFileReference; lastKnownFileType = folder.assetcatalog; path = Assets.xcassets; sourceTree = "<group>"; };
		27FAB43C26CFFE4F0061D6A1 /* Base */ = {isa = PBXFileReference; lastKnownFileType = file.storyboard; name = Base; path = Base.lproj/LaunchScreen.storyboard; sourceTree = "<group>"; };
		27FAB43E26CFFE4F0061D6A1 /* Info.plist */ = {isa = PBXFileReference; lastKnownFileType = text.plist.xml; path = Info.plist; sourceTree = "<group>"; };
		27FAB44B26CFFFC70061D6A1 /* CoreDataStack.swift */ = {isa = PBXFileReference; lastKnownFileType = sourcecode.swift; path = CoreDataStack.swift; sourceTree = "<group>"; };
		27FAB44D26D0012E0061D6A1 /* RandomizerController.swift */ = {isa = PBXFileReference; lastKnownFileType = sourcecode.swift; path = RandomizerController.swift; sourceTree = "<group>"; };
		27FAB45026D004010061D6A1 /* RandomizerGroups+Convenience.swift */ = {isa = PBXFileReference; lastKnownFileType = sourcecode.swift; path = "RandomizerGroups+Convenience.swift"; sourceTree = "<group>"; };
		27FAB45226D0095D0061D6A1 /* RandomizerTableViewController.swift */ = {isa = PBXFileReference; lastKnownFileType = sourcecode.swift; path = RandomizerTableViewController.swift; sourceTree = "<group>"; };
/* End PBXFileReference section */

/* Begin PBXFrameworksBuildPhase section */
		27FAB42726CFFE4E0061D6A1 /* Frameworks */ = {
			isa = PBXFrameworksBuildPhase;
			buildActionMask = 2147483647;
			files = (
			);
			runOnlyForDeploymentPostprocessing = 0;
		};
/* End PBXFrameworksBuildPhase section */

/* Begin PBXGroup section */
		27FAB42126CFFE4E0061D6A1 = {
			isa = PBXGroup;
			children = (
				27FAB42C26CFFE4E0061D6A1 /* RandomizerGroups */,
				27FAB42B26CFFE4E0061D6A1 /* Products */,
			);
			sourceTree = "<group>";
		};
		27FAB42B26CFFE4E0061D6A1 /* Products */ = {
			isa = PBXGroup;
			children = (
				27FAB42A26CFFE4E0061D6A1 /* RandomizerGroups.app */,
			);
			name = Products;
			sourceTree = "<group>";
		};
		27FAB42C26CFFE4E0061D6A1 /* RandomizerGroups */ = {
			isa = PBXGroup;
			children = (
				27FAB44526CFFF390061D6A1 /* CoreData */,
				27FAB44626CFFF470061D6A1 /* Controllers */,
				27FAB44926CFFF590061D6A1 /* Views */,
				27FAB44426CFFE690061D6A1 /* Resources */,
			);
			path = RandomizerGroups;
			sourceTree = "<group>";
		};
		27FAB44426CFFE690061D6A1 /* Resources */ = {
			isa = PBXGroup;
			children = (
				27FAB42D26CFFE4E0061D6A1 /* AppDelegate.swift */,
				27FAB42F26CFFE4E0061D6A1 /* SceneDelegate.swift */,
				27FAB43926CFFE4F0061D6A1 /* Assets.xcassets */,
				27FAB43E26CFFE4F0061D6A1 /* Info.plist */,
			);
			path = Resources;
			sourceTree = "<group>";
		};
		27FAB44526CFFF390061D6A1 /* CoreData */ = {
			isa = PBXGroup;
			children = (
				27FAB43626CFFE4E0061D6A1 /* RandomizerGroups.xcdatamodeld */,
				27FAB44B26CFFFC70061D6A1 /* CoreDataStack.swift */,
				27FAB45026D004010061D6A1 /* RandomizerGroups+Convenience.swift */,
			);
			path = CoreData;
			sourceTree = "<group>";
		};
		27FAB44626CFFF470061D6A1 /* Controllers */ = {
			isa = PBXGroup;
			children = (
				27FAB44826CFFF510061D6A1 /* ModelController */,
				27FAB44726CFFF4B0061D6A1 /* ViewControllers */,
			);
			path = Controllers;
			sourceTree = "<group>";
		};
		27FAB44726CFFF4B0061D6A1 /* ViewControllers */ = {
			isa = PBXGroup;
			children = (
				27FAB45226D0095D0061D6A1 /* RandomizerTableViewController.swift */,
			);
			path = ViewControllers;
			sourceTree = "<group>";
		};
		27FAB44826CFFF510061D6A1 /* ModelController */ = {
			isa = PBXGroup;
			children = (
				27FAB44D26D0012E0061D6A1 /* RandomizerController.swift */,
			);
			path = ModelController;
			sourceTree = "<group>";
		};
		27FAB44926CFFF590061D6A1 /* Views */ = {
			isa = PBXGroup;
			children = (
				27FAB44A26CFFF5C0061D6A1 /* Storyboard */,
			);
			path = Views;
			sourceTree = "<group>";
		};
		27FAB44A26CFFF5C0061D6A1 /* Storyboard */ = {
			isa = PBXGroup;
			children = (
				27FAB43326CFFE4E0061D6A1 /* Main.storyboard */,
				27FAB43B26CFFE4F0061D6A1 /* LaunchScreen.storyboard */,
			);
			path = Storyboard;
			sourceTree = "<group>";
		};
/* End PBXGroup section */

/* Begin PBXNativeTarget section */
		27FAB42926CFFE4E0061D6A1 /* RandomizerGroups */ = {
			isa = PBXNativeTarget;
			buildConfigurationList = 27FAB44126CFFE4F0061D6A1 /* Build configuration list for PBXNativeTarget "RandomizerGroups" */;
			buildPhases = (
				27FAB42626CFFE4E0061D6A1 /* Sources */,
				27FAB42726CFFE4E0061D6A1 /* Frameworks */,
				27FAB42826CFFE4E0061D6A1 /* Resources */,
			);
			buildRules = (
			);
			dependencies = (
			);
			name = RandomizerGroups;
			productName = RandomizerGroups;
			productReference = 27FAB42A26CFFE4E0061D6A1 /* RandomizerGroups.app */;
			productType = "com.apple.product-type.application";
		};
/* End PBXNativeTarget section */

/* Begin PBXProject section */
		27FAB42226CFFE4E0061D6A1 /* Project object */ = {
			isa = PBXProject;
			attributes = {
				LastSwiftUpdateCheck = 1250;
				LastUpgradeCheck = 1250;
				TargetAttributes = {
					27FAB42926CFFE4E0061D6A1 = {
						CreatedOnToolsVersion = 12.5.1;
					};
				};
			};
			buildConfigurationList = 27FAB42526CFFE4E0061D6A1 /* Build configuration list for PBXProject "RandomizerGroups" */;
			compatibilityVersion = "Xcode 9.3";
			developmentRegion = en;
			hasScannedForEncodings = 0;
			knownRegions = (
				en,
				Base,
			);
			mainGroup = 27FAB42126CFFE4E0061D6A1;
			productRefGroup = 27FAB42B26CFFE4E0061D6A1 /* Products */;
			projectDirPath = "";
			projectRoot = "";
			targets = (
				27FAB42926CFFE4E0061D6A1 /* RandomizerGroups */,
			);
		};
/* End PBXProject section */

/* Begin PBXResourcesBuildPhase section */
		27FAB42826CFFE4E0061D6A1 /* Resources */ = {
			isa = PBXResourcesBuildPhase;
			buildActionMask = 2147483647;
			files = (
				27FAB43D26CFFE4F0061D6A1 /* LaunchScreen.storyboard in Resources */,
				27FAB43A26CFFE4F0061D6A1 /* Assets.xcassets in Resources */,
				27FAB43526CFFE4E0061D6A1 /* Main.storyboard in Resources */,
			);
			runOnlyForDeploymentPostprocessing = 0;
		};
/* End PBXResourcesBuildPhase section */

/* Begin PBXSourcesBuildPhase section */
		27FAB42626CFFE4E0061D6A1 /* Sources */ = {
			isa = PBXSourcesBuildPhase;
			buildActionMask = 2147483647;
			files = (
				27FAB45326D0095D0061D6A1 /* RandomizerTableViewController.swift in Sources */,
				27FAB44C26CFFFC70061D6A1 /* CoreDataStack.swift in Sources */,
				27FAB43826CFFE4E0061D6A1 /* RandomizerGroups.xcdatamodeld in Sources */,
				27FAB42E26CFFE4E0061D6A1 /* AppDelegate.swift in Sources */,
				27FAB44E26D0012E0061D6A1 /* RandomizerController.swift in Sources */,
				27FAB45126D004010061D6A1 /* RandomizerGroups+Convenience.swift in Sources */,
				27FAB43026CFFE4E0061D6A1 /* SceneDelegate.swift in Sources */,
			);
			runOnlyForDeploymentPostprocessing = 0;
		};
/* End PBXSourcesBuildPhase section */

/* Begin PBXVariantGroup section */
		27FAB43326CFFE4E0061D6A1 /* Main.storyboard */ = {
			isa = PBXVariantGroup;
			children = (
				27FAB43426CFFE4E0061D6A1 /* Base */,
			);
			name = Main.storyboard;
			sourceTree = "<group>";
		};
		27FAB43B26CFFE4F0061D6A1 /* LaunchScreen.storyboard */ = {
			isa = PBXVariantGroup;
			children = (
				27FAB43C26CFFE4F0061D6A1 /* Base */,
			);
			name = LaunchScreen.storyboard;
			sourceTree = "<group>";
		};
/* End PBXVariantGroup section */

/* Begin XCBuildConfiguration section */
		27FAB43F26CFFE4F0061D6A1 /* Debug */ = {
			isa = XCBuildConfiguration;
			buildSettings = {
				ALWAYS_SEARCH_USER_PATHS = NO;
				CLANG_ANALYZER_NONNULL = YES;
				CLANG_ANALYZER_NUMBER_OBJECT_CONVERSION = YES_AGGRESSIVE;
				CLANG_CXX_LANGUAGE_STANDARD = "gnu++14";
				CLANG_CXX_LIBRARY = "libc++";
				CLANG_ENABLE_MODULES = YES;
				CLANG_ENABLE_OBJC_ARC = YES;
				CLANG_ENABLE_OBJC_WEAK = YES;
				CLANG_WARN_BLOCK_CAPTURE_AUTORELEASING = YES;
				CLANG_WARN_BOOL_CONVERSION = YES;
				CLANG_WARN_COMMA = YES;
				CLANG_WARN_CONSTANT_CONVERSION = YES;
				CLANG_WARN_DEPRECATED_OBJC_IMPLEMENTATIONS = YES;
				CLANG_WARN_DIRECT_OBJC_ISA_USAGE = YES_ERROR;
				CLANG_WARN_DOCUMENTATION_COMMENTS = YES;
				CLANG_WARN_EMPTY_BODY = YES;
				CLANG_WARN_ENUM_CONVERSION = YES;
				CLANG_WARN_INFINITE_RECURSION = YES;
				CLANG_WARN_INT_CONVERSION = YES;
				CLANG_WARN_NON_LITERAL_NULL_CONVERSION = YES;
				CLANG_WARN_OBJC_IMPLICIT_RETAIN_SELF = YES;
				CLANG_WARN_OBJC_LITERAL_CONVERSION = YES;
				CLANG_WARN_OBJC_ROOT_CLASS = YES_ERROR;
				CLANG_WARN_QUOTED_INCLUDE_IN_FRAMEWORK_HEADER = YES;
				CLANG_WARN_RANGE_LOOP_ANALYSIS = YES;
				CLANG_WARN_STRICT_PROTOTYPES = YES;
				CLANG_WARN_SUSPICIOUS_MOVE = YES;
				CLANG_WARN_UNGUARDED_AVAILABILITY = YES_AGGRESSIVE;
				CLANG_WARN_UNREACHABLE_CODE = YES;
				CLANG_WARN__DUPLICATE_METHOD_MATCH = YES;
				COPY_PHASE_STRIP = NO;
				DEBUG_INFORMATION_FORMAT = dwarf;
				ENABLE_STRICT_OBJC_MSGSEND = YES;
				ENABLE_TESTABILITY = YES;
				GCC_C_LANGUAGE_STANDARD = gnu11;
				GCC_DYNAMIC_NO_PIC = NO;
				GCC_NO_COMMON_BLOCKS = YES;
				GCC_OPTIMIZATION_LEVEL = 0;
				GCC_PREPROCESSOR_DEFINITIONS = (
					"DEBUG=1",
					"$(inherited)",
				);
				GCC_WARN_64_TO_32_BIT_CONVERSION = YES;
				GCC_WARN_ABOUT_RETURN_TYPE = YES_ERROR;
				GCC_WARN_UNDECLARED_SELECTOR = YES;
				GCC_WARN_UNINITIALIZED_AUTOS = YES_AGGRESSIVE;
				GCC_WARN_UNUSED_FUNCTION = YES;
				GCC_WARN_UNUSED_VARIABLE = YES;
				IPHONEOS_DEPLOYMENT_TARGET = 14.5;
				MTL_ENABLE_DEBUG_INFO = INCLUDE_SOURCE;
				MTL_FAST_MATH = YES;
				ONLY_ACTIVE_ARCH = YES;
				SDKROOT = iphoneos;
				SWIFT_ACTIVE_COMPILATION_CONDITIONS = DEBUG;
				SWIFT_OPTIMIZATION_LEVEL = "-Onone";
			};
			name = Debug;
		};
		27FAB44026CFFE4F0061D6A1 /* Release */ = {
			isa = XCBuildConfiguration;
			buildSettings = {
				ALWAYS_SEARCH_USER_PATHS = NO;
				CLANG_ANALYZER_NONNULL = YES;
				CLANG_ANALYZER_NUMBER_OBJECT_CONVERSION = YES_AGGRESSIVE;
				CLANG_CXX_LANGUAGE_STANDARD = "gnu++14";
				CLANG_CXX_LIBRARY = "libc++";
				CLANG_ENABLE_MODULES = YES;
				CLANG_ENABLE_OBJC_ARC = YES;
				CLANG_ENABLE_OBJC_WEAK = YES;
				CLANG_WARN_BLOCK_CAPTURE_AUTORELEASING = YES;
				CLANG_WARN_BOOL_CONVERSION = YES;
				CLANG_WARN_COMMA = YES;
				CLANG_WARN_CONSTANT_CONVERSION = YES;
				CLANG_WARN_DEPRECATED_OBJC_IMPLEMENTATIONS = YES;
				CLANG_WARN_DIRECT_OBJC_ISA_USAGE = YES_ERROR;
				CLANG_WARN_DOCUMENTATION_COMMENTS = YES;
				CLANG_WARN_EMPTY_BODY = YES;
				CLANG_WARN_ENUM_CONVERSION = YES;
				CLANG_WARN_INFINITE_RECURSION = YES;
				CLANG_WARN_INT_CONVERSION = YES;
				CLANG_WARN_NON_LITERAL_NULL_CONVERSION = YES;
				CLANG_WARN_OBJC_IMPLICIT_RETAIN_SELF = YES;
				CLANG_WARN_OBJC_LITERAL_CONVERSION = YES;
				CLANG_WARN_OBJC_ROOT_CLASS = YES_ERROR;
				CLANG_WARN_QUOTED_INCLUDE_IN_FRAMEWORK_HEADER = YES;
				CLANG_WARN_RANGE_LOOP_ANALYSIS = YES;
				CLANG_WARN_STRICT_PROTOTYPES = YES;
				CLANG_WARN_SUSPICIOUS_MOVE = YES;
				CLANG_WARN_UNGUARDED_AVAILABILITY = YES_AGGRESSIVE;
				CLANG_WARN_UNREACHABLE_CODE = YES;
				CLANG_WARN__DUPLICATE_METHOD_MATCH = YES;
				COPY_PHASE_STRIP = NO;
				DEBUG_INFORMATION_FORMAT = "dwarf-with-dsym";
				ENABLE_NS_ASSERTIONS = NO;
				ENABLE_STRICT_OBJC_MSGSEND = YES;
				GCC_C_LANGUAGE_STANDARD = gnu11;
				GCC_NO_COMMON_BLOCKS = YES;
				GCC_WARN_64_TO_32_BIT_CONVERSION = YES;
				GCC_WARN_ABOUT_RETURN_TYPE = YES_ERROR;
				GCC_WARN_UNDECLARED_SELECTOR = YES;
				GCC_WARN_UNINITIALIZED_AUTOS = YES_AGGRESSIVE;
				GCC_WARN_UNUSED_FUNCTION = YES;
				GCC_WARN_UNUSED_VARIABLE = YES;
				IPHONEOS_DEPLOYMENT_TARGET = 14.5;
				MTL_ENABLE_DEBUG_INFO = NO;
				MTL_FAST_MATH = YES;
				SDKROOT = iphoneos;
				SWIFT_COMPILATION_MODE = wholemodule;
				SWIFT_OPTIMIZATION_LEVEL = "-O";
				VALIDATE_PRODUCT = YES;
			};
			name = Release;
		};
		27FAB44226CFFE4F0061D6A1 /* Debug */ = {
			isa = XCBuildConfiguration;
			buildSettings = {
				ASSETCATALOG_COMPILER_APPICON_NAME = AppIcon;
				ASSETCATALOG_COMPILER_GLOBAL_ACCENT_COLOR_NAME = AccentColor;
				CODE_SIGN_STYLE = Automatic;
				DEVELOPMENT_TEAM = L97V4TW6MB;
				INFOPLIST_FILE = RandomizerGroups/Resources/Info.plist;
				LD_RUNPATH_SEARCH_PATHS = (
					"$(inherited)",
					"@executable_path/Frameworks",
				);
				PRODUCT_BUNDLE_IDENTIFIER = com.KyleWarren.RandomizerGroups;
				PRODUCT_NAME = "$(TARGET_NAME)";
				SWIFT_VERSION = 5.0;
				TARGETED_DEVICE_FAMILY = "1,2";
			};
			name = Debug;
		};
		27FAB44326CFFE4F0061D6A1 /* Release */ = {
			isa = XCBuildConfiguration;
			buildSettings = {
				ASSETCATALOG_COMPILER_APPICON_NAME = AppIcon;
				ASSETCATALOG_COMPILER_GLOBAL_ACCENT_COLOR_NAME = AccentColor;
				CODE_SIGN_STYLE = Automatic;
				DEVELOPMENT_TEAM = L97V4TW6MB;
				INFOPLIST_FILE = RandomizerGroups/Resources/Info.plist;
				LD_RUNPATH_SEARCH_PATHS = (
					"$(inherited)",
					"@executable_path/Frameworks",
				);
				PRODUCT_BUNDLE_IDENTIFIER = com.KyleWarren.RandomizerGroups;
				PRODUCT_NAME = "$(TARGET_NAME)";
				SWIFT_VERSION = 5.0;
				TARGETED_DEVICE_FAMILY = "1,2";
			};
			name = Release;
		};
/* End XCBuildConfiguration section */

/* Begin XCConfigurationList section */
		27FAB42526CFFE4E0061D6A1 /* Build configuration list for PBXProject "RandomizerGroups" */ = {
			isa = XCConfigurationList;
			buildConfigurations = (
				27FAB43F26CFFE4F0061D6A1 /* Debug */,
				27FAB44026CFFE4F0061D6A1 /* Release */,
			);
			defaultConfigurationIsVisible = 0;
			defaultConfigurationName = Release;
		};
		27FAB44126CFFE4F0061D6A1 /* Build configuration list for PBXNativeTarget "RandomizerGroups" */ = {
			isa = XCConfigurationList;
			buildConfigurations = (
				27FAB44226CFFE4F0061D6A1 /* Debug */,
				27FAB44326CFFE4F0061D6A1 /* Release */,
			);
			defaultConfigurationIsVisible = 0;
			defaultConfigurationName = Release;
		};
/* End XCConfigurationList section */

/* Begin XCVersionGroup section */
		27FAB43626CFFE4E0061D6A1 /* RandomizerGroups.xcdatamodeld */ = {
			isa = XCVersionGroup;
			children = (
				27FAB43726CFFE4E0061D6A1 /* RandomizerGroups.xcdatamodel */,
			);
			currentVersion = 27FAB43726CFFE4E0061D6A1 /* RandomizerGroups.xcdatamodel */;
			path = RandomizerGroups.xcdatamodeld;
			sourceTree = "<group>";
			versionGroupType = wrapper.xcdatamodel;
		};
/* End XCVersionGroup section */
	};
	rootObject = 27FAB42226CFFE4E0061D6A1 /* Project object */;
}
