// !$*UTF8*$!
{
	archiveVersion = 1;
	classes = {
	};
	objectVersion = 50;
	objects = {

/* Begin PBXBuildFile section */
		4E941F1F2440CAC700B8F869 /* AppDelegate.swift in Sources */ = {isa = PBXBuildFile; fileRef = 4E941F1E2440CAC700B8F869 /* AppDelegate.swift */; };
		4E941F212440CAC700B8F869 /* SceneDelegate.swift in Sources */ = {isa = PBXBuildFile; fileRef = 4E941F202440CAC700B8F869 /* SceneDelegate.swift */; };
		4E941F262440CAC700B8F869 /* Main.storyboard in Resources */ = {isa = PBXBuildFile; fileRef = 4E941F242440CAC700B8F869 /* Main.storyboard */; };
		4E941F292440CAC700B8F869 /* PairGenrator.xcdatamodeld in Sources */ = {isa = PBXBuildFile; fileRef = 4E941F272440CAC700B8F869 /* PairGenrator.xcdatamodeld */; };
		4E941F2B2440CAC800B8F869 /* Assets.xcassets in Resources */ = {isa = PBXBuildFile; fileRef = 4E941F2A2440CAC800B8F869 /* Assets.xcassets */; };
		4E941F2E2440CAC800B8F869 /* LaunchScreen.storyboard in Resources */ = {isa = PBXBuildFile; fileRef = 4E941F2C2440CAC800B8F869 /* LaunchScreen.storyboard */; };
		4E941F382440CB8900B8F869 /* CoreData.swift in Sources */ = {isa = PBXBuildFile; fileRef = 4E941F372440CB8900B8F869 /* CoreData.swift */; };
		4E941F3A2440CBF300B8F869 /* Person+Convenience.swift in Sources */ = {isa = PBXBuildFile; fileRef = 4E941F392440CBF300B8F869 /* Person+Convenience.swift */; };
		4E941F3D2440CDA300B8F869 /* PersonController.swift in Sources */ = {isa = PBXBuildFile; fileRef = 4E941F3C2440CDA300B8F869 /* PersonController.swift */; };
		4E941F402440DCF000B8F869 /* PairsTableViewController.swift in Sources */ = {isa = PBXBuildFile; fileRef = 4E941F3F2440DCF000B8F869 /* PairsTableViewController.swift */; };
		4E941F422440DD1400B8F869 /* PersonDetailViewController.swift in Sources */ = {isa = PBXBuildFile; fileRef = 4E941F412440DD1400B8F869 /* PersonDetailViewController.swift */; };
/* End PBXBuildFile section */

/* Begin PBXFileReference section */
		4E941F1B2440CAC700B8F869 /* PairGenrator.app */ = {isa = PBXFileReference; explicitFileType = wrapper.application; includeInIndex = 0; path = PairGenrator.app; sourceTree = BUILT_PRODUCTS_DIR; };
		4E941F1E2440CAC700B8F869 /* AppDelegate.swift */ = {isa = PBXFileReference; lastKnownFileType = sourcecode.swift; path = AppDelegate.swift; sourceTree = "<group>"; };
		4E941F202440CAC700B8F869 /* SceneDelegate.swift */ = {isa = PBXFileReference; lastKnownFileType = sourcecode.swift; path = SceneDelegate.swift; sourceTree = "<group>"; };
		4E941F252440CAC700B8F869 /* Base */ = {isa = PBXFileReference; lastKnownFileType = file.storyboard; name = Base; path = Base.lproj/Main.storyboard; sourceTree = "<group>"; };
		4E941F282440CAC700B8F869 /* PairGenrator.xcdatamodel */ = {isa = PBXFileReference; lastKnownFileType = wrapper.xcdatamodel; path = PairGenrator.xcdatamodel; sourceTree = "<group>"; };
		4E941F2A2440CAC800B8F869 /* Assets.xcassets */ = {isa = PBXFileReference; lastKnownFileType = folder.assetcatalog; path = Assets.xcassets; sourceTree = "<group>"; };
		4E941F2D2440CAC800B8F869 /* Base */ = {isa = PBXFileReference; lastKnownFileType = file.storyboard; name = Base; path = Base.lproj/LaunchScreen.storyboard; sourceTree = "<group>"; };
		4E941F2F2440CAC800B8F869 /* Info.plist */ = {isa = PBXFileReference; lastKnownFileType = text.plist.xml; path = Info.plist; sourceTree = "<group>"; };
		4E941F372440CB8900B8F869 /* CoreData.swift */ = {isa = PBXFileReference; lastKnownFileType = sourcecode.swift; path = CoreData.swift; sourceTree = "<group>"; };
		4E941F392440CBF300B8F869 /* Person+Convenience.swift */ = {isa = PBXFileReference; lastKnownFileType = sourcecode.swift; path = "Person+Convenience.swift"; sourceTree = "<group>"; };
		4E941F3C2440CDA300B8F869 /* PersonController.swift */ = {isa = PBXFileReference; lastKnownFileType = sourcecode.swift; path = PersonController.swift; sourceTree = "<group>"; };
		4E941F3F2440DCF000B8F869 /* PairsTableViewController.swift */ = {isa = PBXFileReference; lastKnownFileType = sourcecode.swift; path = PairsTableViewController.swift; sourceTree = "<group>"; };
		4E941F412440DD1400B8F869 /* PersonDetailViewController.swift */ = {isa = PBXFileReference; lastKnownFileType = sourcecode.swift; path = PersonDetailViewController.swift; sourceTree = "<group>"; };
/* End PBXFileReference section */

/* Begin PBXFrameworksBuildPhase section */
		4E941F182440CAC700B8F869 /* Frameworks */ = {
			isa = PBXFrameworksBuildPhase;
			buildActionMask = 2147483647;
			files = (
			);
			runOnlyForDeploymentPostprocessing = 0;
		};
/* End PBXFrameworksBuildPhase section */

/* Begin PBXGroup section */
		4E941F122440CAC700B8F869 = {
			isa = PBXGroup;
			children = (
				4E941F1D2440CAC700B8F869 /* PairGenrator */,
				4E941F1C2440CAC700B8F869 /* Products */,
			);
			sourceTree = "<group>";
		};
		4E941F1C2440CAC700B8F869 /* Products */ = {
			isa = PBXGroup;
			children = (
				4E941F1B2440CAC700B8F869 /* PairGenrator.app */,
			);
			name = Products;
			sourceTree = "<group>";
		};
		4E941F1D2440CAC700B8F869 /* PairGenrator */ = {
			isa = PBXGroup;
			children = (
				4E941F352440CAFC00B8F869 /* Resource */,
				4E941F362440CB1F00B8F869 /* Storyboard */,
				4E941F272440CAC700B8F869 /* PairGenrator.xcdatamodeld */,
				4E941F3B2440CC3B00B8F869 /* Model */,
				4E941F3E2440CDA800B8F869 /* ModelController */,
				4E941F432440DD1C00B8F869 /* ViewController */,
			);
			path = PairGenrator;
			sourceTree = "<group>";
		};
		4E941F352440CAFC00B8F869 /* Resource */ = {
			isa = PBXGroup;
			children = (
				4E941F1E2440CAC700B8F869 /* AppDelegate.swift */,
				4E941F202440CAC700B8F869 /* SceneDelegate.swift */,
				4E941F2A2440CAC800B8F869 /* Assets.xcassets */,
				4E941F2F2440CAC800B8F869 /* Info.plist */,
			);
			path = Resource;
			sourceTree = "<group>";
		};
		4E941F362440CB1F00B8F869 /* Storyboard */ = {
			isa = PBXGroup;
			children = (
				4E941F242440CAC700B8F869 /* Main.storyboard */,
				4E941F2C2440CAC800B8F869 /* LaunchScreen.storyboard */,
			);
			path = Storyboard;
			sourceTree = "<group>";
		};
		4E941F3B2440CC3B00B8F869 /* Model */ = {
			isa = PBXGroup;
			children = (
				4E941F372440CB8900B8F869 /* CoreData.swift */,
				4E941F392440CBF300B8F869 /* Person+Convenience.swift */,
			);
			path = Model;
			sourceTree = "<group>";
		};
		4E941F3E2440CDA800B8F869 /* ModelController */ = {
			isa = PBXGroup;
			children = (
				4E941F3C2440CDA300B8F869 /* PersonController.swift */,
			);
			path = ModelController;
			sourceTree = "<group>";
		};
		4E941F432440DD1C00B8F869 /* ViewController */ = {
			isa = PBXGroup;
			children = (
				4E941F3F2440DCF000B8F869 /* PairsTableViewController.swift */,
				4E941F412440DD1400B8F869 /* PersonDetailViewController.swift */,
			);
			path = ViewController;
			sourceTree = "<group>";
		};
/* End PBXGroup section */

/* Begin PBXNativeTarget section */
		4E941F1A2440CAC700B8F869 /* PairGenrator */ = {
			isa = PBXNativeTarget;
			buildConfigurationList = 4E941F322440CAC800B8F869 /* Build configuration list for PBXNativeTarget "PairGenrator" */;
			buildPhases = (
				4E941F172440CAC700B8F869 /* Sources */,
				4E941F182440CAC700B8F869 /* Frameworks */,
				4E941F192440CAC700B8F869 /* Resources */,
			);
			buildRules = (
			);
			dependencies = (
			);
			name = PairGenrator;
			productName = PairGenrator;
			productReference = 4E941F1B2440CAC700B8F869 /* PairGenrator.app */;
			productType = "com.apple.product-type.application";
		};
/* End PBXNativeTarget section */

/* Begin PBXProject section */
		4E941F132440CAC700B8F869 /* Project object */ = {
			isa = PBXProject;
			attributes = {
				LastSwiftUpdateCheck = 1140;
				LastUpgradeCheck = 1140;
				ORGANIZATIONNAME = "Hin Wong";
				TargetAttributes = {
					4E941F1A2440CAC700B8F869 = {
						CreatedOnToolsVersion = 11.4;
					};
				};
			};
			buildConfigurationList = 4E941F162440CAC700B8F869 /* Build configuration list for PBXProject "PairGenrator" */;
			compatibilityVersion = "Xcode 9.3";
			developmentRegion = en;
			hasScannedForEncodings = 0;
			knownRegions = (
				en,
				Base,
			);
			mainGroup = 4E941F122440CAC700B8F869;
			productRefGroup = 4E941F1C2440CAC700B8F869 /* Products */;
			projectDirPath = "";
			projectRoot = "";
			targets = (
				4E941F1A2440CAC700B8F869 /* PairGenrator */,
			);
		};
/* End PBXProject section */

/* Begin PBXResourcesBuildPhase section */
		4E941F192440CAC700B8F869 /* Resources */ = {
			isa = PBXResourcesBuildPhase;
			buildActionMask = 2147483647;
			files = (
				4E941F2E2440CAC800B8F869 /* LaunchScreen.storyboard in Resources */,
				4E941F2B2440CAC800B8F869 /* Assets.xcassets in Resources */,
				4E941F262440CAC700B8F869 /* Main.storyboard in Resources */,
			);
			runOnlyForDeploymentPostprocessing = 0;
		};
/* End PBXResourcesBuildPhase section */

/* Begin PBXSourcesBuildPhase section */
		4E941F172440CAC700B8F869 /* Sources */ = {
			isa = PBXSourcesBuildPhase;
			buildActionMask = 2147483647;
			files = (
				4E941F422440DD1400B8F869 /* PersonDetailViewController.swift in Sources */,
				4E941F402440DCF000B8F869 /* PairsTableViewController.swift in Sources */,
				4E941F382440CB8900B8F869 /* CoreData.swift in Sources */,
				4E941F1F2440CAC700B8F869 /* AppDelegate.swift in Sources */,
				4E941F212440CAC700B8F869 /* SceneDelegate.swift in Sources */,
				4E941F3A2440CBF300B8F869 /* Person+Convenience.swift in Sources */,
				4E941F3D2440CDA300B8F869 /* PersonController.swift in Sources */,
				4E941F292440CAC700B8F869 /* PairGenrator.xcdatamodeld in Sources */,
			);
			runOnlyForDeploymentPostprocessing = 0;
		};
/* End PBXSourcesBuildPhase section */

/* Begin PBXVariantGroup section */
		4E941F242440CAC700B8F869 /* Main.storyboard */ = {
			isa = PBXVariantGroup;
			children = (
				4E941F252440CAC700B8F869 /* Base */,
			);
			name = Main.storyboard;
			sourceTree = "<group>";
		};
		4E941F2C2440CAC800B8F869 /* LaunchScreen.storyboard */ = {
			isa = PBXVariantGroup;
			children = (
				4E941F2D2440CAC800B8F869 /* Base */,
			);
			name = LaunchScreen.storyboard;
			sourceTree = "<group>";
		};
/* End PBXVariantGroup section */

/* Begin XCBuildConfiguration section */
		4E941F302440CAC800B8F869 /* Debug */ = {
			isa = XCBuildConfiguration;
			buildSettings = {
				ALWAYS_SEARCH_USER_PATHS = NO;
				CLANG_ANALYZER_NONNULL = YES;
				CLANG_ANALYZER_NUMBER_OBJECT_CONVERSION = YES_AGGRESSIVE;
				CLANG_CXX_LANGUAGE_STANDARD = "gnu++14";
				CLANG_CXX_LIBRARY = "libc++";
				CLANG_ENABLE_MODULES = YES;
				CLANG_ENABLE_OBJC_ARC = YES;
				CLANG_ENABLE_OBJC_WEAK = YES;
				CLANG_WARN_BLOCK_CAPTURE_AUTORELEASING = YES;
				CLANG_WARN_BOOL_CONVERSION = YES;
				CLANG_WARN_COMMA = YES;
				CLANG_WARN_CONSTANT_CONVERSION = YES;
				CLANG_WARN_DEPRECATED_OBJC_IMPLEMENTATIONS = YES;
				CLANG_WARN_DIRECT_OBJC_ISA_USAGE = YES_ERROR;
				CLANG_WARN_DOCUMENTATION_COMMENTS = YES;
				CLANG_WARN_EMPTY_BODY = YES;
				CLANG_WARN_ENUM_CONVERSION = YES;
				CLANG_WARN_INFINITE_RECURSION = YES;
				CLANG_WARN_INT_CONVERSION = YES;
				CLANG_WARN_NON_LITERAL_NULL_CONVERSION = YES;
				CLANG_WARN_OBJC_IMPLICIT_RETAIN_SELF = YES;
				CLANG_WARN_OBJC_LITERAL_CONVERSION = YES;
				CLANG_WARN_OBJC_ROOT_CLASS = YES_ERROR;
				CLANG_WARN_RANGE_LOOP_ANALYSIS = YES;
				CLANG_WARN_STRICT_PROTOTYPES = YES;
				CLANG_WARN_SUSPICIOUS_MOVE = YES;
				CLANG_WARN_UNGUARDED_AVAILABILITY = YES_AGGRESSIVE;
				CLANG_WARN_UNREACHABLE_CODE = YES;
				CLANG_WARN__DUPLICATE_METHOD_MATCH = YES;
				COPY_PHASE_STRIP = NO;
				DEBUG_INFORMATION_FORMAT = dwarf;
				ENABLE_STRICT_OBJC_MSGSEND = YES;
				ENABLE_TESTABILITY = YES;
				GCC_C_LANGUAGE_STANDARD = gnu11;
				GCC_DYNAMIC_NO_PIC = NO;
				GCC_NO_COMMON_BLOCKS = YES;
				GCC_OPTIMIZATION_LEVEL = 0;
				GCC_PREPROCESSOR_DEFINITIONS = (
					"DEBUG=1",
					"$(inherited)",
				);
				GCC_WARN_64_TO_32_BIT_CONVERSION = YES;
				GCC_WARN_ABOUT_RETURN_TYPE = YES_ERROR;
				GCC_WARN_UNDECLARED_SELECTOR = YES;
				GCC_WARN_UNINITIALIZED_AUTOS = YES_AGGRESSIVE;
				GCC_WARN_UNUSED_FUNCTION = YES;
				GCC_WARN_UNUSED_VARIABLE = YES;
				IPHONEOS_DEPLOYMENT_TARGET = 13.4;
				MTL_ENABLE_DEBUG_INFO = INCLUDE_SOURCE;
				MTL_FAST_MATH = YES;
				ONLY_ACTIVE_ARCH = YES;
				SDKROOT = iphoneos;
				SWIFT_ACTIVE_COMPILATION_CONDITIONS = DEBUG;
				SWIFT_OPTIMIZATION_LEVEL = "-Onone";
			};
			name = Debug;
		};
		4E941F312440CAC800B8F869 /* Release */ = {
			isa = XCBuildConfiguration;
			buildSettings = {
				ALWAYS_SEARCH_USER_PATHS = NO;
				CLANG_ANALYZER_NONNULL = YES;
				CLANG_ANALYZER_NUMBER_OBJECT_CONVERSION = YES_AGGRESSIVE;
				CLANG_CXX_LANGUAGE_STANDARD = "gnu++14";
				CLANG_CXX_LIBRARY = "libc++";
				CLANG_ENABLE_MODULES = YES;
				CLANG_ENABLE_OBJC_ARC = YES;
				CLANG_ENABLE_OBJC_WEAK = YES;
				CLANG_WARN_BLOCK_CAPTURE_AUTORELEASING = YES;
				CLANG_WARN_BOOL_CONVERSION = YES;
				CLANG_WARN_COMMA = YES;
				CLANG_WARN_CONSTANT_CONVERSION = YES;
				CLANG_WARN_DEPRECATED_OBJC_IMPLEMENTATIONS = YES;
				CLANG_WARN_DIRECT_OBJC_ISA_USAGE = YES_ERROR;
				CLANG_WARN_DOCUMENTATION_COMMENTS = YES;
				CLANG_WARN_EMPTY_BODY = YES;
				CLANG_WARN_ENUM_CONVERSION = YES;
				CLANG_WARN_INFINITE_RECURSION = YES;
				CLANG_WARN_INT_CONVERSION = YES;
				CLANG_WARN_NON_LITERAL_NULL_CONVERSION = YES;
				CLANG_WARN_OBJC_IMPLICIT_RETAIN_SELF = YES;
				CLANG_WARN_OBJC_LITERAL_CONVERSION = YES;
				CLANG_WARN_OBJC_ROOT_CLASS = YES_ERROR;
				CLANG_WARN_RANGE_LOOP_ANALYSIS = YES;
				CLANG_WARN_STRICT_PROTOTYPES = YES;
				CLANG_WARN_SUSPICIOUS_MOVE = YES;
				CLANG_WARN_UNGUARDED_AVAILABILITY = YES_AGGRESSIVE;
				CLANG_WARN_UNREACHABLE_CODE = YES;
				CLANG_WARN__DUPLICATE_METHOD_MATCH = YES;
				COPY_PHASE_STRIP = NO;
				DEBUG_INFORMATION_FORMAT = "dwarf-with-dsym";
				ENABLE_NS_ASSERTIONS = NO;
				ENABLE_STRICT_OBJC_MSGSEND = YES;
				GCC_C_LANGUAGE_STANDARD = gnu11;
				GCC_NO_COMMON_BLOCKS = YES;
				GCC_WARN_64_TO_32_BIT_CONVERSION = YES;
				GCC_WARN_ABOUT_RETURN_TYPE = YES_ERROR;
				GCC_WARN_UNDECLARED_SELECTOR = YES;
				GCC_WARN_UNINITIALIZED_AUTOS = YES_AGGRESSIVE;
				GCC_WARN_UNUSED_FUNCTION = YES;
				GCC_WARN_UNUSED_VARIABLE = YES;
				IPHONEOS_DEPLOYMENT_TARGET = 13.4;
				MTL_ENABLE_DEBUG_INFO = NO;
				MTL_FAST_MATH = YES;
				SDKROOT = iphoneos;
				SWIFT_COMPILATION_MODE = wholemodule;
				SWIFT_OPTIMIZATION_LEVEL = "-O";
				VALIDATE_PRODUCT = YES;
			};
			name = Release;
		};
		4E941F332440CAC800B8F869 /* Debug */ = {
			isa = XCBuildConfiguration;
			buildSettings = {
				ASSETCATALOG_COMPILER_APPICON_NAME = AppIcon;
				CODE_SIGN_STYLE = Automatic;
				DEVELOPMENT_TEAM = ZZR7FKBFJP;
				INFOPLIST_FILE = PairGenrator/Resource/Info.plist;
				LD_RUNPATH_SEARCH_PATHS = (
					"$(inherited)",
					"@executable_path/Frameworks",
				);
				PRODUCT_BUNDLE_IDENTIFIER = com.HinWong.PairGenrator;
				PRODUCT_NAME = "$(TARGET_NAME)";
				SWIFT_VERSION = 5.0;
				TARGETED_DEVICE_FAMILY = "1,2";
			};
			name = Debug;
		};
		4E941F342440CAC800B8F869 /* Release */ = {
			isa = XCBuildConfiguration;
			buildSettings = {
				ASSETCATALOG_COMPILER_APPICON_NAME = AppIcon;
				CODE_SIGN_STYLE = Automatic;
				DEVELOPMENT_TEAM = ZZR7FKBFJP;
				INFOPLIST_FILE = PairGenrator/Resource/Info.plist;
				LD_RUNPATH_SEARCH_PATHS = (
					"$(inherited)",
					"@executable_path/Frameworks",
				);
				PRODUCT_BUNDLE_IDENTIFIER = com.HinWong.PairGenrator;
				PRODUCT_NAME = "$(TARGET_NAME)";
				SWIFT_VERSION = 5.0;
				TARGETED_DEVICE_FAMILY = "1,2";
			};
			name = Release;
		};
/* End XCBuildConfiguration section */

/* Begin XCConfigurationList section */
		4E941F162440CAC700B8F869 /* Build configuration list for PBXProject "PairGenrator" */ = {
			isa = XCConfigurationList;
			buildConfigurations = (
				4E941F302440CAC800B8F869 /* Debug */,
				4E941F312440CAC800B8F869 /* Release */,
			);
			defaultConfigurationIsVisible = 0;
			defaultConfigurationName = Release;
		};
		4E941F322440CAC800B8F869 /* Build configuration list for PBXNativeTarget "PairGenrator" */ = {
			isa = XCConfigurationList;
			buildConfigurations = (
				4E941F332440CAC800B8F869 /* Debug */,
				4E941F342440CAC800B8F869 /* Release */,
			);
			defaultConfigurationIsVisible = 0;
			defaultConfigurationName = Release;
		};
/* End XCConfigurationList section */

/* Begin XCVersionGroup section */
		4E941F272440CAC700B8F869 /* PairGenrator.xcdatamodeld */ = {
			isa = XCVersionGroup;
			children = (
				4E941F282440CAC700B8F869 /* PairGenrator.xcdatamodel */,
			);
			currentVersion = 4E941F282440CAC700B8F869 /* PairGenrator.xcdatamodel */;
			path = PairGenrator.xcdatamodeld;
			sourceTree = "<group>";
			versionGroupType = wrapper.xcdatamodel;
		};
/* End XCVersionGroup section */
	};
	rootObject = 4E941F132440CAC700B8F869 /* Project object */;
}
