// !$*UTF8*$!
{
	archiveVersion = 1;
	classes = {
	};
	objectVersion = 50;
	objects = {

/* Begin PBXBuildFile section */
		AC6701BF2454A05200D00F88 /* AppDelegate.swift in Sources */ = {isa = PBXBuildFile; fileRef = AC6701BE2454A05200D00F88 /* AppDelegate.swift */; };
		AC6701C12454A05200D00F88 /* SceneDelegate.swift in Sources */ = {isa = PBXBuildFile; fileRef = AC6701C02454A05200D00F88 /* SceneDelegate.swift */; };
		AC6701C62454A05200D00F88 /* Main.storyboard in Resources */ = {isa = PBXBuildFile; fileRef = AC6701C42454A05200D00F88 /* Main.storyboard */; };
		AC6701C82454A05500D00F88 /* Assets.xcassets in Resources */ = {isa = PBXBuildFile; fileRef = AC6701C72454A05500D00F88 /* Assets.xcassets */; };
		AC6701CB2454A05500D00F88 /* LaunchScreen.storyboard in Resources */ = {isa = PBXBuildFile; fileRef = AC6701C92454A05500D00F88 /* LaunchScreen.storyboard */; };
		AC6701D52454A1AE00D00F88 /* Person.swift in Sources */ = {isa = PBXBuildFile; fileRef = AC6701D42454A1AE00D00F88 /* Person.swift */; };
		AC6701D92454A26000D00F88 /* PairController.swift in Sources */ = {isa = PBXBuildFile; fileRef = AC6701D82454A26000D00F88 /* PairController.swift */; };
		AC6701DC2454A43200D00F88 /* PairsTableViewController.swift in Sources */ = {isa = PBXBuildFile; fileRef = AC6701DB2454A43200D00F88 /* PairsTableViewController.swift */; };
/* End PBXBuildFile section */

/* Begin PBXFileReference section */
		AC6701BB2454A05200D00F88 /* Pairs.app */ = {isa = PBXFileReference; explicitFileType = wrapper.application; includeInIndex = 0; path = Pairs.app; sourceTree = BUILT_PRODUCTS_DIR; };
		AC6701BE2454A05200D00F88 /* AppDelegate.swift */ = {isa = PBXFileReference; lastKnownFileType = sourcecode.swift; path = AppDelegate.swift; sourceTree = "<group>"; };
		AC6701C02454A05200D00F88 /* SceneDelegate.swift */ = {isa = PBXFileReference; lastKnownFileType = sourcecode.swift; path = SceneDelegate.swift; sourceTree = "<group>"; };
		AC6701C52454A05200D00F88 /* Base */ = {isa = PBXFileReference; lastKnownFileType = file.storyboard; name = Base; path = Base.lproj/Main.storyboard; sourceTree = "<group>"; };
		AC6701C72454A05500D00F88 /* Assets.xcassets */ = {isa = PBXFileReference; lastKnownFileType = folder.assetcatalog; path = Assets.xcassets; sourceTree = "<group>"; };
		AC6701CA2454A05500D00F88 /* Base */ = {isa = PBXFileReference; lastKnownFileType = file.storyboard; name = Base; path = Base.lproj/LaunchScreen.storyboard; sourceTree = "<group>"; };
		AC6701CC2454A05500D00F88 /* Info.plist */ = {isa = PBXFileReference; lastKnownFileType = text.plist.xml; path = Info.plist; sourceTree = "<group>"; };
		AC6701D42454A1AE00D00F88 /* Person.swift */ = {isa = PBXFileReference; lastKnownFileType = sourcecode.swift; path = Person.swift; sourceTree = "<group>"; };
		AC6701D82454A26000D00F88 /* PairController.swift */ = {isa = PBXFileReference; lastKnownFileType = sourcecode.swift; path = PairController.swift; sourceTree = "<group>"; };
		AC6701DB2454A43200D00F88 /* PairsTableViewController.swift */ = {isa = PBXFileReference; lastKnownFileType = sourcecode.swift; path = PairsTableViewController.swift; sourceTree = "<group>"; };
/* End PBXFileReference section */

/* Begin PBXFrameworksBuildPhase section */
		AC6701B82454A05200D00F88 /* Frameworks */ = {
			isa = PBXFrameworksBuildPhase;
			buildActionMask = 2147483647;
			files = (
			);
			runOnlyForDeploymentPostprocessing = 0;
		};
/* End PBXFrameworksBuildPhase section */

/* Begin PBXGroup section */
		AC6701B22454A05200D00F88 = {
			isa = PBXGroup;
			children = (
				AC6701BD2454A05200D00F88 /* Pairs */,
				AC6701BC2454A05200D00F88 /* Products */,
			);
			sourceTree = "<group>";
		};
		AC6701BC2454A05200D00F88 /* Products */ = {
			isa = PBXGroup;
			children = (
				AC6701BB2454A05200D00F88 /* Pairs.app */,
			);
			name = Products;
			sourceTree = "<group>";
		};
		AC6701BD2454A05200D00F88 /* Pairs */ = {
			isa = PBXGroup;
			children = (
				AC6701D62454A21300D00F88 /* Controllers */,
				AC6701D32454A19C00D00F88 /* Model */,
				AC6701DD2454A68000D00F88 /* Storyboard */,
				AC6701D22454A08A00D00F88 /* Resources */,
			);
			path = Pairs;
			sourceTree = "<group>";
		};
		AC6701D22454A08A00D00F88 /* Resources */ = {
			isa = PBXGroup;
			children = (
				AC6701BE2454A05200D00F88 /* AppDelegate.swift */,
				AC6701C02454A05200D00F88 /* SceneDelegate.swift */,
				AC6701C72454A05500D00F88 /* Assets.xcassets */,
				AC6701C92454A05500D00F88 /* LaunchScreen.storyboard */,
				AC6701CC2454A05500D00F88 /* Info.plist */,
			);
			path = Resources;
			sourceTree = "<group>";
		};
		AC6701D32454A19C00D00F88 /* Model */ = {
			isa = PBXGroup;
			children = (
				AC6701D42454A1AE00D00F88 /* Person.swift */,
			);
			path = Model;
			sourceTree = "<group>";
		};
		AC6701D62454A21300D00F88 /* Controllers */ = {
			isa = PBXGroup;
			children = (
				AC6701DA2454A41000D00F88 /* View Controller */,
				AC6701D72454A21C00D00F88 /* Model Controller */,
			);
			path = Controllers;
			sourceTree = "<group>";
		};
		AC6701D72454A21C00D00F88 /* Model Controller */ = {
			isa = PBXGroup;
			children = (
				AC6701D82454A26000D00F88 /* PairController.swift */,
			);
			path = "Model Controller";
			sourceTree = "<group>";
		};
		AC6701DA2454A41000D00F88 /* View Controller */ = {
			isa = PBXGroup;
			children = (
				AC6701DB2454A43200D00F88 /* PairsTableViewController.swift */,
			);
			path = "View Controller";
			sourceTree = "<group>";
		};
		AC6701DD2454A68000D00F88 /* Storyboard */ = {
			isa = PBXGroup;
			children = (
				AC6701C42454A05200D00F88 /* Main.storyboard */,
			);
			path = Storyboard;
			sourceTree = "<group>";
		};
/* End PBXGroup section */

/* Begin PBXNativeTarget section */
		AC6701BA2454A05200D00F88 /* Pairs */ = {
			isa = PBXNativeTarget;
			buildConfigurationList = AC6701CF2454A05500D00F88 /* Build configuration list for PBXNativeTarget "Pairs" */;
			buildPhases = (
				AC6701B72454A05200D00F88 /* Sources */,
				AC6701B82454A05200D00F88 /* Frameworks */,
				AC6701B92454A05200D00F88 /* Resources */,
			);
			buildRules = (
			);
			dependencies = (
			);
			name = Pairs;
			productName = Pairs;
			productReference = AC6701BB2454A05200D00F88 /* Pairs.app */;
			productType = "com.apple.product-type.application";
		};
/* End PBXNativeTarget section */

/* Begin PBXProject section */
		AC6701B32454A05200D00F88 /* Project object */ = {
			isa = PBXProject;
			attributes = {
				LastSwiftUpdateCheck = 1140;
				LastUpgradeCheck = 1140;
				ORGANIZATIONNAME = "Joy Bending";
				TargetAttributes = {
					AC6701BA2454A05200D00F88 = {
						CreatedOnToolsVersion = 11.4.1;
					};
				};
			};
			buildConfigurationList = AC6701B62454A05200D00F88 /* Build configuration list for PBXProject "Pairs" */;
			compatibilityVersion = "Xcode 9.3";
			developmentRegion = en;
			hasScannedForEncodings = 0;
			knownRegions = (
				en,
				Base,
			);
			mainGroup = AC6701B22454A05200D00F88;
			productRefGroup = AC6701BC2454A05200D00F88 /* Products */;
			projectDirPath = "";
			projectRoot = "";
			targets = (
				AC6701BA2454A05200D00F88 /* Pairs */,
			);
		};
/* End PBXProject section */

/* Begin PBXResourcesBuildPhase section */
		AC6701B92454A05200D00F88 /* Resources */ = {
			isa = PBXResourcesBuildPhase;
			buildActionMask = 2147483647;
			files = (
				AC6701CB2454A05500D00F88 /* LaunchScreen.storyboard in Resources */,
				AC6701C82454A05500D00F88 /* Assets.xcassets in Resources */,
				AC6701C62454A05200D00F88 /* Main.storyboard in Resources */,
			);
			runOnlyForDeploymentPostprocessing = 0;
		};
/* End PBXResourcesBuildPhase section */

/* Begin PBXSourcesBuildPhase section */
		AC6701B72454A05200D00F88 /* Sources */ = {
			isa = PBXSourcesBuildPhase;
			buildActionMask = 2147483647;
			files = (
				AC6701BF2454A05200D00F88 /* AppDelegate.swift in Sources */,
				AC6701D52454A1AE00D00F88 /* Person.swift in Sources */,
				AC6701DC2454A43200D00F88 /* PairsTableViewController.swift in Sources */,
				AC6701C12454A05200D00F88 /* SceneDelegate.swift in Sources */,
				AC6701D92454A26000D00F88 /* PairController.swift in Sources */,
			);
			runOnlyForDeploymentPostprocessing = 0;
		};
/* End PBXSourcesBuildPhase section */

/* Begin PBXVariantGroup section */
		AC6701C42454A05200D00F88 /* Main.storyboard */ = {
			isa = PBXVariantGroup;
			children = (
				AC6701C52454A05200D00F88 /* Base */,
			);
			name = Main.storyboard;
			sourceTree = "<group>";
		};
		AC6701C92454A05500D00F88 /* LaunchScreen.storyboard */ = {
			isa = PBXVariantGroup;
			children = (
				AC6701CA2454A05500D00F88 /* Base */,
			);
			name = LaunchScreen.storyboard;
			sourceTree = "<group>";
		};
/* End PBXVariantGroup section */

/* Begin XCBuildConfiguration section */
		AC6701CD2454A05500D00F88 /* Debug */ = {
			isa = XCBuildConfiguration;
			buildSettings = {
				ALWAYS_SEARCH_USER_PATHS = NO;
				CLANG_ANALYZER_NONNULL = YES;
				CLANG_ANALYZER_NUMBER_OBJECT_CONVERSION = YES_AGGRESSIVE;
				CLANG_CXX_LANGUAGE_STANDARD = "gnu++14";
				CLANG_CXX_LIBRARY = "libc++";
				CLANG_ENABLE_MODULES = YES;
				CLANG_ENABLE_OBJC_ARC = YES;
				CLANG_ENABLE_OBJC_WEAK = YES;
				CLANG_WARN_BLOCK_CAPTURE_AUTORELEASING = YES;
				CLANG_WARN_BOOL_CONVERSION = YES;
				CLANG_WARN_COMMA = YES;
				CLANG_WARN_CONSTANT_CONVERSION = YES;
				CLANG_WARN_DEPRECATED_OBJC_IMPLEMENTATIONS = YES;
				CLANG_WARN_DIRECT_OBJC_ISA_USAGE = YES_ERROR;
				CLANG_WARN_DOCUMENTATION_COMMENTS = YES;
				CLANG_WARN_EMPTY_BODY = YES;
				CLANG_WARN_ENUM_CONVERSION = YES;
				CLANG_WARN_INFINITE_RECURSION = YES;
				CLANG_WARN_INT_CONVERSION = YES;
				CLANG_WARN_NON_LITERAL_NULL_CONVERSION = YES;
				CLANG_WARN_OBJC_IMPLICIT_RETAIN_SELF = YES;
				CLANG_WARN_OBJC_LITERAL_CONVERSION = YES;
				CLANG_WARN_OBJC_ROOT_CLASS = YES_ERROR;
				CLANG_WARN_RANGE_LOOP_ANALYSIS = YES;
				CLANG_WARN_STRICT_PROTOTYPES = YES;
				CLANG_WARN_SUSPICIOUS_MOVE = YES;
				CLANG_WARN_UNGUARDED_AVAILABILITY = YES_AGGRESSIVE;
				CLANG_WARN_UNREACHABLE_CODE = YES;
				CLANG_WARN__DUPLICATE_METHOD_MATCH = YES;
				COPY_PHASE_STRIP = NO;
				DEBUG_INFORMATION_FORMAT = dwarf;
				ENABLE_STRICT_OBJC_MSGSEND = YES;
				ENABLE_TESTABILITY = YES;
				GCC_C_LANGUAGE_STANDARD = gnu11;
				GCC_DYNAMIC_NO_PIC = NO;
				GCC_NO_COMMON_BLOCKS = YES;
				GCC_OPTIMIZATION_LEVEL = 0;
				GCC_PREPROCESSOR_DEFINITIONS = (
					"DEBUG=1",
					"$(inherited)",
				);
				GCC_WARN_64_TO_32_BIT_CONVERSION = YES;
				GCC_WARN_ABOUT_RETURN_TYPE = YES_ERROR;
				GCC_WARN_UNDECLARED_SELECTOR = YES;
				GCC_WARN_UNINITIALIZED_AUTOS = YES_AGGRESSIVE;
				GCC_WARN_UNUSED_FUNCTION = YES;
				GCC_WARN_UNUSED_VARIABLE = YES;
				IPHONEOS_DEPLOYMENT_TARGET = 13.4;
				MTL_ENABLE_DEBUG_INFO = INCLUDE_SOURCE;
				MTL_FAST_MATH = YES;
				ONLY_ACTIVE_ARCH = YES;
				SDKROOT = iphoneos;
				SWIFT_ACTIVE_COMPILATION_CONDITIONS = DEBUG;
				SWIFT_OPTIMIZATION_LEVEL = "-Onone";
			};
			name = Debug;
		};
		AC6701CE2454A05500D00F88 /* Release */ = {
			isa = XCBuildConfiguration;
			buildSettings = {
				ALWAYS_SEARCH_USER_PATHS = NO;
				CLANG_ANALYZER_NONNULL = YES;
				CLANG_ANALYZER_NUMBER_OBJECT_CONVERSION = YES_AGGRESSIVE;
				CLANG_CXX_LANGUAGE_STANDARD = "gnu++14";
				CLANG_CXX_LIBRARY = "libc++";
				CLANG_ENABLE_MODULES = YES;
				CLANG_ENABLE_OBJC_ARC = YES;
				CLANG_ENABLE_OBJC_WEAK = YES;
				CLANG_WARN_BLOCK_CAPTURE_AUTORELEASING = YES;
				CLANG_WARN_BOOL_CONVERSION = YES;
				CLANG_WARN_COMMA = YES;
				CLANG_WARN_CONSTANT_CONVERSION = YES;
				CLANG_WARN_DEPRECATED_OBJC_IMPLEMENTATIONS = YES;
				CLANG_WARN_DIRECT_OBJC_ISA_USAGE = YES_ERROR;
				CLANG_WARN_DOCUMENTATION_COMMENTS = YES;
				CLANG_WARN_EMPTY_BODY = YES;
				CLANG_WARN_ENUM_CONVERSION = YES;
				CLANG_WARN_INFINITE_RECURSION = YES;
				CLANG_WARN_INT_CONVERSION = YES;
				CLANG_WARN_NON_LITERAL_NULL_CONVERSION = YES;
				CLANG_WARN_OBJC_IMPLICIT_RETAIN_SELF = YES;
				CLANG_WARN_OBJC_LITERAL_CONVERSION = YES;
				CLANG_WARN_OBJC_ROOT_CLASS = YES_ERROR;
				CLANG_WARN_RANGE_LOOP_ANALYSIS = YES;
				CLANG_WARN_STRICT_PROTOTYPES = YES;
				CLANG_WARN_SUSPICIOUS_MOVE = YES;
				CLANG_WARN_UNGUARDED_AVAILABILITY = YES_AGGRESSIVE;
				CLANG_WARN_UNREACHABLE_CODE = YES;
				CLANG_WARN__DUPLICATE_METHOD_MATCH = YES;
				COPY_PHASE_STRIP = NO;
				DEBUG_INFORMATION_FORMAT = "dwarf-with-dsym";
				ENABLE_NS_ASSERTIONS = NO;
				ENABLE_STRICT_OBJC_MSGSEND = YES;
				GCC_C_LANGUAGE_STANDARD = gnu11;
				GCC_NO_COMMON_BLOCKS = YES;
				GCC_WARN_64_TO_32_BIT_CONVERSION = YES;
				GCC_WARN_ABOUT_RETURN_TYPE = YES_ERROR;
				GCC_WARN_UNDECLARED_SELECTOR = YES;
				GCC_WARN_UNINITIALIZED_AUTOS = YES_AGGRESSIVE;
				GCC_WARN_UNUSED_FUNCTION = YES;
				GCC_WARN_UNUSED_VARIABLE = YES;
				IPHONEOS_DEPLOYMENT_TARGET = 13.4;
				MTL_ENABLE_DEBUG_INFO = NO;
				MTL_FAST_MATH = YES;
				SDKROOT = iphoneos;
				SWIFT_COMPILATION_MODE = wholemodule;
				SWIFT_OPTIMIZATION_LEVEL = "-O";
				VALIDATE_PRODUCT = YES;
			};
			name = Release;
		};
		AC6701D02454A05500D00F88 /* Debug */ = {
			isa = XCBuildConfiguration;
			buildSettings = {
				ASSETCATALOG_COMPILER_APPICON_NAME = AppIcon;
				CODE_SIGN_STYLE = Automatic;
				DEVELOPMENT_TEAM = 6QY69PUF72;
				INFOPLIST_FILE = Pairs/Resources/Info.plist;
				LD_RUNPATH_SEARCH_PATHS = (
					"$(inherited)",
					"@executable_path/Frameworks",
				);
				PRODUCT_BUNDLE_IDENTIFIER = com.joybending.Pairs;
				PRODUCT_NAME = "$(TARGET_NAME)";
				SWIFT_VERSION = 5.0;
				TARGETED_DEVICE_FAMILY = "1,2";
			};
			name = Debug;
		};
		AC6701D12454A05500D00F88 /* Release */ = {
			isa = XCBuildConfiguration;
			buildSettings = {
				ASSETCATALOG_COMPILER_APPICON_NAME = AppIcon;
				CODE_SIGN_STYLE = Automatic;
				DEVELOPMENT_TEAM = 6QY69PUF72;
				INFOPLIST_FILE = Pairs/Resources/Info.plist;
				LD_RUNPATH_SEARCH_PATHS = (
					"$(inherited)",
					"@executable_path/Frameworks",
				);
				PRODUCT_BUNDLE_IDENTIFIER = com.joybending.Pairs;
				PRODUCT_NAME = "$(TARGET_NAME)";
				SWIFT_VERSION = 5.0;
				TARGETED_DEVICE_FAMILY = "1,2";
			};
			name = Release;
		};
/* End XCBuildConfiguration section */

/* Begin XCConfigurationList section */
		AC6701B62454A05200D00F88 /* Build configuration list for PBXProject "Pairs" */ = {
			isa = XCConfigurationList;
			buildConfigurations = (
				AC6701CD2454A05500D00F88 /* Debug */,
				AC6701CE2454A05500D00F88 /* Release */,
			);
			defaultConfigurationIsVisible = 0;
			defaultConfigurationName = Release;
		};
		AC6701CF2454A05500D00F88 /* Build configuration list for PBXNativeTarget "Pairs" */ = {
			isa = XCConfigurationList;
			buildConfigurations = (
				AC6701D02454A05500D00F88 /* Debug */,
				AC6701D12454A05500D00F88 /* Release */,
			);
			defaultConfigurationIsVisible = 0;
			defaultConfigurationName = Release;
		};
/* End XCConfigurationList section */
	};
	rootObject = AC6701B32454A05200D00F88 /* Project object */;
}
