// !$*UTF8*$!
{
	archiveVersion = 1;
	classes = {
	};
	objectVersion = 50;
	objects = {

/* Begin PBXBuildFile section */
		501B786C2440CE8000122007 /* AppDelegate.swift in Sources */ = {isa = PBXBuildFile; fileRef = 501B786B2440CE8000122007 /* AppDelegate.swift */; };
		501B786E2440CE8000122007 /* SceneDelegate.swift in Sources */ = {isa = PBXBuildFile; fileRef = 501B786D2440CE8000122007 /* SceneDelegate.swift */; };
		501B78732440CE8000122007 /* Main.storyboard in Resources */ = {isa = PBXBuildFile; fileRef = 501B78712440CE8000122007 /* Main.storyboard */; };
		501B78762440CE8000122007 /* Pair.xcdatamodeld in Sources */ = {isa = PBXBuildFile; fileRef = 501B78742440CE8000122007 /* Pair.xcdatamodeld */; };
		501B78782440CE8300122007 /* Assets.xcassets in Resources */ = {isa = PBXBuildFile; fileRef = 501B78772440CE8300122007 /* Assets.xcassets */; };
		501B787B2440CE8300122007 /* LaunchScreen.storyboard in Resources */ = {isa = PBXBuildFile; fileRef = 501B78792440CE8300122007 /* LaunchScreen.storyboard */; };
		501B788C2440D36E00122007 /* Pair+Convenience.swift in Sources */ = {isa = PBXBuildFile; fileRef = 501B788B2440D36E00122007 /* Pair+Convenience.swift */; };
		501B788E2440D5ED00122007 /* CoreDataStack.swift in Sources */ = {isa = PBXBuildFile; fileRef = 501B788D2440D5ED00122007 /* CoreDataStack.swift */; };
		501B78902440D62E00122007 /* StudentController.swift in Sources */ = {isa = PBXBuildFile; fileRef = 501B788F2440D62E00122007 /* StudentController.swift */; };
		501B78922440F77C00122007 /* ListTableViewController.swift in Sources */ = {isa = PBXBuildFile; fileRef = 501B78912440F77C00122007 /* ListTableViewController.swift */; };
		501B78942441019000122007 /* StudentDetailViewController.swift in Sources */ = {isa = PBXBuildFile; fileRef = 501B78932441019000122007 /* StudentDetailViewController.swift */; };
/* End PBXBuildFile section */

/* Begin PBXFileReference section */
		501B78682440CE8000122007 /* Pair.app */ = {isa = PBXFileReference; explicitFileType = wrapper.application; includeInIndex = 0; path = Pair.app; sourceTree = BUILT_PRODUCTS_DIR; };
		501B786B2440CE8000122007 /* AppDelegate.swift */ = {isa = PBXFileReference; lastKnownFileType = sourcecode.swift; path = AppDelegate.swift; sourceTree = "<group>"; };
		501B786D2440CE8000122007 /* SceneDelegate.swift */ = {isa = PBXFileReference; lastKnownFileType = sourcecode.swift; path = SceneDelegate.swift; sourceTree = "<group>"; };
		501B78722440CE8000122007 /* Base */ = {isa = PBXFileReference; lastKnownFileType = file.storyboard; name = Base; path = Base.lproj/Main.storyboard; sourceTree = "<group>"; };
		501B78752440CE8000122007 /* Pair.xcdatamodel */ = {isa = PBXFileReference; lastKnownFileType = wrapper.xcdatamodel; path = Pair.xcdatamodel; sourceTree = "<group>"; };
		501B78772440CE8300122007 /* Assets.xcassets */ = {isa = PBXFileReference; lastKnownFileType = folder.assetcatalog; path = Assets.xcassets; sourceTree = "<group>"; };
		501B787A2440CE8300122007 /* Base */ = {isa = PBXFileReference; lastKnownFileType = file.storyboard; name = Base; path = Base.lproj/LaunchScreen.storyboard; sourceTree = "<group>"; };
		501B787C2440CE8300122007 /* Info.plist */ = {isa = PBXFileReference; lastKnownFileType = text.plist.xml; path = Info.plist; sourceTree = "<group>"; };
		501B788B2440D36E00122007 /* Pair+Convenience.swift */ = {isa = PBXFileReference; lastKnownFileType = sourcecode.swift; path = "Pair+Convenience.swift"; sourceTree = "<group>"; };
		501B788D2440D5ED00122007 /* CoreDataStack.swift */ = {isa = PBXFileReference; lastKnownFileType = sourcecode.swift; path = CoreDataStack.swift; sourceTree = "<group>"; };
		501B788F2440D62E00122007 /* StudentController.swift */ = {isa = PBXFileReference; lastKnownFileType = sourcecode.swift; path = StudentController.swift; sourceTree = "<group>"; };
		501B78912440F77C00122007 /* ListTableViewController.swift */ = {isa = PBXFileReference; lastKnownFileType = sourcecode.swift; path = ListTableViewController.swift; sourceTree = "<group>"; };
		501B78932441019000122007 /* StudentDetailViewController.swift */ = {isa = PBXFileReference; lastKnownFileType = sourcecode.swift; path = StudentDetailViewController.swift; sourceTree = "<group>"; };
/* End PBXFileReference section */

/* Begin PBXFrameworksBuildPhase section */
		501B78652440CE8000122007 /* Frameworks */ = {
			isa = PBXFrameworksBuildPhase;
			buildActionMask = 2147483647;
			files = (
			);
			runOnlyForDeploymentPostprocessing = 0;
		};
/* End PBXFrameworksBuildPhase section */

/* Begin PBXGroup section */
		501B785F2440CE8000122007 = {
			isa = PBXGroup;
			children = (
				501B786A2440CE8000122007 /* Pair */,
				501B78692440CE8000122007 /* Products */,
			);
			sourceTree = "<group>";
		};
		501B78692440CE8000122007 /* Products */ = {
			isa = PBXGroup;
			children = (
				501B78682440CE8000122007 /* Pair.app */,
			);
			name = Products;
			sourceTree = "<group>";
		};
		501B786A2440CE8000122007 /* Pair */ = {
			isa = PBXGroup;
			children = (
				501B78862440CEBE00122007 /* Models */,
				501B78852440CEB900122007 /* Views */,
				501B78842440CEB000122007 /* Controllers */,
				501B78822440CE9C00122007 /* Resources */,
			);
			path = Pair;
			sourceTree = "<group>";
		};
		501B78822440CE9C00122007 /* Resources */ = {
			isa = PBXGroup;
			children = (
				501B786B2440CE8000122007 /* AppDelegate.swift */,
				501B786D2440CE8000122007 /* SceneDelegate.swift */,
				501B78772440CE8300122007 /* Assets.xcassets */,
				501B787C2440CE8300122007 /* Info.plist */,
			);
			path = Resources;
			sourceTree = "<group>";
		};
		501B78842440CEB000122007 /* Controllers */ = {
			isa = PBXGroup;
			children = (
				501B788A2440CEFB00122007 /* ModelControllers */,
				501B78892440CEED00122007 /* ViewControllers */,
			);
			path = Controllers;
			sourceTree = "<group>";
		};
		501B78852440CEB900122007 /* Views */ = {
			isa = PBXGroup;
			children = (
				501B78872440CED100122007 /* StoryBoard */,
			);
			path = Views;
			sourceTree = "<group>";
		};
		501B78862440CEBE00122007 /* Models */ = {
			isa = PBXGroup;
			children = (
				501B78742440CE8000122007 /* Pair.xcdatamodeld */,
				501B788B2440D36E00122007 /* Pair+Convenience.swift */,
				501B788D2440D5ED00122007 /* CoreDataStack.swift */,
			);
			path = Models;
			sourceTree = "<group>";
		};
		501B78872440CED100122007 /* StoryBoard */ = {
			isa = PBXGroup;
			children = (
				501B78712440CE8000122007 /* Main.storyboard */,
				501B78792440CE8300122007 /* LaunchScreen.storyboard */,
			);
			path = StoryBoard;
			sourceTree = "<group>";
		};
		501B78892440CEED00122007 /* ViewControllers */ = {
			isa = PBXGroup;
			children = (
				501B78912440F77C00122007 /* ListTableViewController.swift */,
				501B78932441019000122007 /* StudentDetailViewController.swift */,
			);
			path = ViewControllers;
			sourceTree = "<group>";
		};
		501B788A2440CEFB00122007 /* ModelControllers */ = {
			isa = PBXGroup;
			children = (
				501B788F2440D62E00122007 /* StudentController.swift */,
			);
			path = ModelControllers;
			sourceTree = "<group>";
		};
/* End PBXGroup section */

/* Begin PBXNativeTarget section */
		501B78672440CE8000122007 /* Pair */ = {
			isa = PBXNativeTarget;
			buildConfigurationList = 501B787F2440CE8300122007 /* Build configuration list for PBXNativeTarget "Pair" */;
			buildPhases = (
				501B78642440CE8000122007 /* Sources */,
				501B78652440CE8000122007 /* Frameworks */,
				501B78662440CE8000122007 /* Resources */,
			);
			buildRules = (
			);
			dependencies = (
			);
			name = Pair;
			productName = Pair;
			productReference = 501B78682440CE8000122007 /* Pair.app */;
			productType = "com.apple.product-type.application";
		};
/* End PBXNativeTarget section */

/* Begin PBXProject section */
		501B78602440CE8000122007 /* Project object */ = {
			isa = PBXProject;
			attributes = {
				LastSwiftUpdateCheck = 1140;
				LastUpgradeCheck = 1140;
				ORGANIZATIONNAME = AaronPrestidge;
				TargetAttributes = {
					501B78672440CE8000122007 = {
						CreatedOnToolsVersion = 11.4;
					};
				};
			};
			buildConfigurationList = 501B78632440CE8000122007 /* Build configuration list for PBXProject "Pair" */;
			compatibilityVersion = "Xcode 9.3";
			developmentRegion = en;
			hasScannedForEncodings = 0;
			knownRegions = (
				en,
				Base,
			);
			mainGroup = 501B785F2440CE8000122007;
			productRefGroup = 501B78692440CE8000122007 /* Products */;
			projectDirPath = "";
			projectRoot = "";
			targets = (
				501B78672440CE8000122007 /* Pair */,
			);
		};
/* End PBXProject section */

/* Begin PBXResourcesBuildPhase section */
		501B78662440CE8000122007 /* Resources */ = {
			isa = PBXResourcesBuildPhase;
			buildActionMask = 2147483647;
			files = (
				501B787B2440CE8300122007 /* LaunchScreen.storyboard in Resources */,
				501B78782440CE8300122007 /* Assets.xcassets in Resources */,
				501B78732440CE8000122007 /* Main.storyboard in Resources */,
			);
			runOnlyForDeploymentPostprocessing = 0;
		};
/* End PBXResourcesBuildPhase section */

/* Begin PBXSourcesBuildPhase section */
		501B78642440CE8000122007 /* Sources */ = {
			isa = PBXSourcesBuildPhase;
			buildActionMask = 2147483647;
			files = (
				501B788E2440D5ED00122007 /* CoreDataStack.swift in Sources */,
				501B78902440D62E00122007 /* StudentController.swift in Sources */,
				501B78762440CE8000122007 /* Pair.xcdatamodeld in Sources */,
				501B788C2440D36E00122007 /* Pair+Convenience.swift in Sources */,
				501B786C2440CE8000122007 /* AppDelegate.swift in Sources */,
				501B786E2440CE8000122007 /* SceneDelegate.swift in Sources */,
				501B78922440F77C00122007 /* ListTableViewController.swift in Sources */,
				501B78942441019000122007 /* StudentDetailViewController.swift in Sources */,
			);
			runOnlyForDeploymentPostprocessing = 0;
		};
/* End PBXSourcesBuildPhase section */

/* Begin PBXVariantGroup section */
		501B78712440CE8000122007 /* Main.storyboard */ = {
			isa = PBXVariantGroup;
			children = (
				501B78722440CE8000122007 /* Base */,
			);
			name = Main.storyboard;
			sourceTree = "<group>";
		};
		501B78792440CE8300122007 /* LaunchScreen.storyboard */ = {
			isa = PBXVariantGroup;
			children = (
				501B787A2440CE8300122007 /* Base */,
			);
			name = LaunchScreen.storyboard;
			sourceTree = "<group>";
		};
/* End PBXVariantGroup section */

/* Begin XCBuildConfiguration section */
		501B787D2440CE8300122007 /* Debug */ = {
			isa = XCBuildConfiguration;
			buildSettings = {
				ALWAYS_SEARCH_USER_PATHS = NO;
				CLANG_ANALYZER_NONNULL = YES;
				CLANG_ANALYZER_NUMBER_OBJECT_CONVERSION = YES_AGGRESSIVE;
				CLANG_CXX_LANGUAGE_STANDARD = "gnu++14";
				CLANG_CXX_LIBRARY = "libc++";
				CLANG_ENABLE_MODULES = YES;
				CLANG_ENABLE_OBJC_ARC = YES;
				CLANG_ENABLE_OBJC_WEAK = YES;
				CLANG_WARN_BLOCK_CAPTURE_AUTORELEASING = YES;
				CLANG_WARN_BOOL_CONVERSION = YES;
				CLANG_WARN_COMMA = YES;
				CLANG_WARN_CONSTANT_CONVERSION = YES;
				CLANG_WARN_DEPRECATED_OBJC_IMPLEMENTATIONS = YES;
				CLANG_WARN_DIRECT_OBJC_ISA_USAGE = YES_ERROR;
				CLANG_WARN_DOCUMENTATION_COMMENTS = YES;
				CLANG_WARN_EMPTY_BODY = YES;
				CLANG_WARN_ENUM_CONVERSION = YES;
				CLANG_WARN_INFINITE_RECURSION = YES;
				CLANG_WARN_INT_CONVERSION = YES;
				CLANG_WARN_NON_LITERAL_NULL_CONVERSION = YES;
				CLANG_WARN_OBJC_IMPLICIT_RETAIN_SELF = YES;
				CLANG_WARN_OBJC_LITERAL_CONVERSION = YES;
				CLANG_WARN_OBJC_ROOT_CLASS = YES_ERROR;
				CLANG_WARN_RANGE_LOOP_ANALYSIS = YES;
				CLANG_WARN_STRICT_PROTOTYPES = YES;
				CLANG_WARN_SUSPICIOUS_MOVE = YES;
				CLANG_WARN_UNGUARDED_AVAILABILITY = YES_AGGRESSIVE;
				CLANG_WARN_UNREACHABLE_CODE = YES;
				CLANG_WARN__DUPLICATE_METHOD_MATCH = YES;
				COPY_PHASE_STRIP = NO;
				DEBUG_INFORMATION_FORMAT = dwarf;
				ENABLE_STRICT_OBJC_MSGSEND = YES;
				ENABLE_TESTABILITY = YES;
				GCC_C_LANGUAGE_STANDARD = gnu11;
				GCC_DYNAMIC_NO_PIC = NO;
				GCC_NO_COMMON_BLOCKS = YES;
				GCC_OPTIMIZATION_LEVEL = 0;
				GCC_PREPROCESSOR_DEFINITIONS = (
					"DEBUG=1",
					"$(inherited)",
				);
				GCC_WARN_64_TO_32_BIT_CONVERSION = YES;
				GCC_WARN_ABOUT_RETURN_TYPE = YES_ERROR;
				GCC_WARN_UNDECLARED_SELECTOR = YES;
				GCC_WARN_UNINITIALIZED_AUTOS = YES_AGGRESSIVE;
				GCC_WARN_UNUSED_FUNCTION = YES;
				GCC_WARN_UNUSED_VARIABLE = YES;
				IPHONEOS_DEPLOYMENT_TARGET = 13.4;
				MTL_ENABLE_DEBUG_INFO = INCLUDE_SOURCE;
				MTL_FAST_MATH = YES;
				ONLY_ACTIVE_ARCH = YES;
				SDKROOT = iphoneos;
				SWIFT_ACTIVE_COMPILATION_CONDITIONS = DEBUG;
				SWIFT_OPTIMIZATION_LEVEL = "-Onone";
			};
			name = Debug;
		};
		501B787E2440CE8300122007 /* Release */ = {
			isa = XCBuildConfiguration;
			buildSettings = {
				ALWAYS_SEARCH_USER_PATHS = NO;
				CLANG_ANALYZER_NONNULL = YES;
				CLANG_ANALYZER_NUMBER_OBJECT_CONVERSION = YES_AGGRESSIVE;
				CLANG_CXX_LANGUAGE_STANDARD = "gnu++14";
				CLANG_CXX_LIBRARY = "libc++";
				CLANG_ENABLE_MODULES = YES;
				CLANG_ENABLE_OBJC_ARC = YES;
				CLANG_ENABLE_OBJC_WEAK = YES;
				CLANG_WARN_BLOCK_CAPTURE_AUTORELEASING = YES;
				CLANG_WARN_BOOL_CONVERSION = YES;
				CLANG_WARN_COMMA = YES;
				CLANG_WARN_CONSTANT_CONVERSION = YES;
				CLANG_WARN_DEPRECATED_OBJC_IMPLEMENTATIONS = YES;
				CLANG_WARN_DIRECT_OBJC_ISA_USAGE = YES_ERROR;
				CLANG_WARN_DOCUMENTATION_COMMENTS = YES;
				CLANG_WARN_EMPTY_BODY = YES;
				CLANG_WARN_ENUM_CONVERSION = YES;
				CLANG_WARN_INFINITE_RECURSION = YES;
				CLANG_WARN_INT_CONVERSION = YES;
				CLANG_WARN_NON_LITERAL_NULL_CONVERSION = YES;
				CLANG_WARN_OBJC_IMPLICIT_RETAIN_SELF = YES;
				CLANG_WARN_OBJC_LITERAL_CONVERSION = YES;
				CLANG_WARN_OBJC_ROOT_CLASS = YES_ERROR;
				CLANG_WARN_RANGE_LOOP_ANALYSIS = YES;
				CLANG_WARN_STRICT_PROTOTYPES = YES;
				CLANG_WARN_SUSPICIOUS_MOVE = YES;
				CLANG_WARN_UNGUARDED_AVAILABILITY = YES_AGGRESSIVE;
				CLANG_WARN_UNREACHABLE_CODE = YES;
				CLANG_WARN__DUPLICATE_METHOD_MATCH = YES;
				COPY_PHASE_STRIP = NO;
				DEBUG_INFORMATION_FORMAT = "dwarf-with-dsym";
				ENABLE_NS_ASSERTIONS = NO;
				ENABLE_STRICT_OBJC_MSGSEND = YES;
				GCC_C_LANGUAGE_STANDARD = gnu11;
				GCC_NO_COMMON_BLOCKS = YES;
				GCC_WARN_64_TO_32_BIT_CONVERSION = YES;
				GCC_WARN_ABOUT_RETURN_TYPE = YES_ERROR;
				GCC_WARN_UNDECLARED_SELECTOR = YES;
				GCC_WARN_UNINITIALIZED_AUTOS = YES_AGGRESSIVE;
				GCC_WARN_UNUSED_FUNCTION = YES;
				GCC_WARN_UNUSED_VARIABLE = YES;
				IPHONEOS_DEPLOYMENT_TARGET = 13.4;
				MTL_ENABLE_DEBUG_INFO = NO;
				MTL_FAST_MATH = YES;
				SDKROOT = iphoneos;
				SWIFT_COMPILATION_MODE = wholemodule;
				SWIFT_OPTIMIZATION_LEVEL = "-O";
				VALIDATE_PRODUCT = YES;
			};
			name = Release;
		};
		501B78802440CE8300122007 /* Debug */ = {
			isa = XCBuildConfiguration;
			buildSettings = {
				ASSETCATALOG_COMPILER_APPICON_NAME = AppIcon;
				CODE_SIGN_STYLE = Automatic;
				DEVELOPMENT_TEAM = 6XG2KXXAH9;
				INFOPLIST_FILE = Pair/Resources/Info.plist;
				LD_RUNPATH_SEARCH_PATHS = (
					"$(inherited)",
					"@executable_path/Frameworks",
				);
				PRODUCT_BUNDLE_IDENTIFIER = AaronPrestidge.Pair;
				PRODUCT_NAME = "$(TARGET_NAME)";
				SWIFT_VERSION = 5.0;
				TARGETED_DEVICE_FAMILY = "1,2";
			};
			name = Debug;
		};
		501B78812440CE8300122007 /* Release */ = {
			isa = XCBuildConfiguration;
			buildSettings = {
				ASSETCATALOG_COMPILER_APPICON_NAME = AppIcon;
				CODE_SIGN_STYLE = Automatic;
				DEVELOPMENT_TEAM = 6XG2KXXAH9;
				INFOPLIST_FILE = Pair/Resources/Info.plist;
				LD_RUNPATH_SEARCH_PATHS = (
					"$(inherited)",
					"@executable_path/Frameworks",
				);
				PRODUCT_BUNDLE_IDENTIFIER = AaronPrestidge.Pair;
				PRODUCT_NAME = "$(TARGET_NAME)";
				SWIFT_VERSION = 5.0;
				TARGETED_DEVICE_FAMILY = "1,2";
			};
			name = Release;
		};
/* End XCBuildConfiguration section */

/* Begin XCConfigurationList section */
		501B78632440CE8000122007 /* Build configuration list for PBXProject "Pair" */ = {
			isa = XCConfigurationList;
			buildConfigurations = (
				501B787D2440CE8300122007 /* Debug */,
				501B787E2440CE8300122007 /* Release */,
			);
			defaultConfigurationIsVisible = 0;
			defaultConfigurationName = Release;
		};
		501B787F2440CE8300122007 /* Build configuration list for PBXNativeTarget "Pair" */ = {
			isa = XCConfigurationList;
			buildConfigurations = (
				501B78802440CE8300122007 /* Debug */,
				501B78812440CE8300122007 /* Release */,
			);
			defaultConfigurationIsVisible = 0;
			defaultConfigurationName = Release;
		};
/* End XCConfigurationList section */

/* Begin XCVersionGroup section */
		501B78742440CE8000122007 /* Pair.xcdatamodeld */ = {
			isa = XCVersionGroup;
			children = (
				501B78752440CE8000122007 /* Pair.xcdatamodel */,
			);
			currentVersion = 501B78752440CE8000122007 /* Pair.xcdatamodel */;
			path = Pair.xcdatamodeld;
			sourceTree = "<group>";
			versionGroupType = wrapper.xcdatamodel;
		};
/* End XCVersionGroup section */
	};
	rootObject = 501B78602440CE8000122007 /* Project object */;
}
